<Solution>
  <Folder Name="/backend/">
    <Project Path="backend/CampusHub.Api/CampusHub.Api.csproj" />
    <Project Path="backend/CampusHub.Application/CampusHub.Application.csproj" />
    <Project Path="backend/CampusHub.Domain/CampusHub.Domain.csproj" />
    <Project Path="backend/CampusHub.Infrastructure/CampusHub.Infrastructure.csproj" />
  </Folder>
</Solution>
